
Microsoft Visual Studio Solution File, Format Version 12.00
# Visual Studio Version 17
VisualStudioVersion = 17.13.35828.75 d17.13
MinimumVisualStudioVersion = 10.0.40219.1
Project("{FAE04EC0-301F-11D3-BF4B-00C04F79EFBC}") = "AppWebPractica", "AppWebPractica\AppWebPractica.csproj", "{F38CBB5C-10E3-4442-8434-985018FD7C1E}"
EndProject
Global
	GlobalSection(SolutionConfigurationPlatforms) = preSolution
		Debug|Any CPU = Debug|Any CPU
		Release|Any CPU = Release|Any CPU
	EndGlobalSection
	GlobalSection(ProjectConfigurationPlatforms) = postSolution
		{F38CBB5C-10E3-4442-8434-985018FD7C1E}.Debug|Any CPU.ActiveCfg = Debug|Any CPU
		{F38CBB5C-10E3-4442-8434-985018FD7C1E}.Debug|Any CPU.Build.0 = Debug|Any CPU
		{F38CBB5C-10E3-4442-8434-985018FD7C1E}.Release|Any CPU.ActiveCfg = Release|Any CPU
		{F38CBB5C-10E3-4442-8434-985018FD7C1E}.Release|Any CPU.Build.0 = Release|Any CPU
	EndGlobalSection
	GlobalSection(SolutionProperties) = preSolution
		HideSolutionNode = FALSE
	EndGlobalSection
	GlobalSection(ExtensibilityGlobals) = postSolution
		SolutionGuid = {8606FF98-F6FB-4F47-BC13-D58CF28AD950}
	EndGlobalSection
EndGlobal
